
Microsoft Visual Studio Solution File, Format Version 12.00
# Visual Studio Version 17
VisualStudioVersion = 17.8.34525.116
MinimumVisualStudioVersion = 10.0.40219.1
Project("{FAE04EC0-301F-11D3-BF4B-00C04F79EFBC}") = "CIS575Prep", "CIS575Prep\CIS575Prep.csproj", "{46D0D2FA-3300-40B4-8D21-DDF049296E87}"
EndProject
Global
	GlobalSection(SolutionConfigurationPlatforms) = preSolution
		Debug|Any CPU = Debug|Any CPU
		Release|Any CPU = Release|Any CPU
	EndGlobalSection
	GlobalSection(ProjectConfigurationPlatforms) = postSolution
		{46D0D2FA-3300-40B4-8D21-DDF049296E87}.Debug|Any CPU.ActiveCfg = Debug|Any CPU
		{46D0D2FA-3300-40B4-8D21-DDF049296E87}.Debug|Any CPU.Build.0 = Debug|Any CPU
		{46D0D2FA-3300-40B4-8D21-DDF049296E87}.Release|Any CPU.ActiveCfg = Release|Any CPU
		{46D0D2FA-3300-40B4-8D21-DDF049296E87}.Release|Any CPU.Build.0 = Release|Any CPU
	EndGlobalSection
	GlobalSection(SolutionProperties) = preSolution
		HideSolutionNode = FALSE
	EndGlobalSection
	GlobalSection(ExtensibilityGlobals) = postSolution
		SolutionGuid = {11E0103C-A4EB-49BB-A855-1F0822805EAE}
	EndGlobalSection
EndGlobal
